
Microsoft Visual Studio Solution File, Format Version 12.00
# Visual Studio Version 16
VisualStudioVersion = 16.0.29319.158
MinimumVisualStudioVersion = 10.0.40219.1
Project("{2150E333-8FDC-42A3-9474-1A3956D46DE8}") = "src", "src", "{60B396C4-AA46-4711-BDA2-756E02ED0A46}"
EndProject
Project("{2150E333-8FDC-42A3-9474-1A3956D46DE8}") = "Solution Items", "Solution Items", "{AA1D190D-6753-443E-8A1E-1642D85D3BBC}"
EndProject
Project("{2150E333-8FDC-42A3-9474-1A3956D46DE8}") = "1 - UI", "1 - UI", "{F08A3CE6-CBDD-4ED1-9A51-F7D68E13EA96}"
EndProject
Project("{2150E333-8FDC-42A3-9474-1A3956D46DE8}") = "2 - Services", "2 - Services", "{85B5EBC8-8BFF-4AC3-9807-F7C0A7F076EF}"
EndProject
Project("{2150E333-8FDC-42A3-9474-1A3956D46DE8}") = "3 - Application", "3 - Application", "{DD511FB6-7D4D-44C8-AA79-ED422F6A5E69}"
EndProject
Project("{2150E333-8FDC-42A3-9474-1A3956D46DE8}") = "4 - Domain", "4 - Domain", "{9754B329-2A56-4808-92AD-1C01E534515A}"
EndProject
Project("{2150E333-8FDC-42A3-9474-1A3956D46DE8}") = "5 - Infra", "5 - Infra", "{213A3052-223A-4884-A521-84E3DF067944}"
EndProject
Project("{2150E333-8FDC-42A3-9474-1A3956D46DE8}") = "5.2 - CrossCutting", "5.2 - CrossCutting", "{BF461778-854B-419C-83B7-3801B8A196C4}"
EndProject
Project("{2150E333-8FDC-42A3-9474-1A3956D46DE8}") = "5.1 - Data", "5.1 - Data", "{E7E3CBCE-71DE-4C6C-8062-CE25911D3F6B}"
EndProject
Project("{9A19103F-16F7-4668-BE54-9A1E7A4F7556}") = "CooperativaXZ.UI.Client", "CooperativaXZ.UI\CooperativaXZ.UI.Client.csproj", "{54EF67BC-C0A3-4A28-882F-B84291284D52}"
EndProject
Project("{9A19103F-16F7-4668-BE54-9A1E7A4F7556}") = "CooperativaXZ.Services.API", "CooperativaXZ.Services.API\CooperativaXZ.Services.API.csproj", "{9D5AF38A-C813-4126-BBFD-0EDE6D8E4EF6}"
EndProject
Project("{9A19103F-16F7-4668-BE54-9A1E7A4F7556}") = "CooperativaXZ.Infra.CrossCutting.SharedUI", "CooperativaXZ.Infra.CrossCutting.SharedUI\CooperativaXZ.Infra.CrossCutting.SharedUI.csproj", "{EEDE4383-C075-4B9D-A8D8-5E06D52D3A6D}"
EndProject
Global
	GlobalSection(SolutionConfigurationPlatforms) = preSolution
		Debug|Any CPU = Debug|Any CPU
		Release|Any CPU = Release|Any CPU
	EndGlobalSection
	GlobalSection(ProjectConfigurationPlatforms) = postSolution
		{54EF67BC-C0A3-4A28-882F-B84291284D52}.Debug|Any CPU.ActiveCfg = Debug|Any CPU
		{54EF67BC-C0A3-4A28-882F-B84291284D52}.Debug|Any CPU.Build.0 = Debug|Any CPU
		{54EF67BC-C0A3-4A28-882F-B84291284D52}.Release|Any CPU.ActiveCfg = Release|Any CPU
		{54EF67BC-C0A3-4A28-882F-B84291284D52}.Release|Any CPU.Build.0 = Release|Any CPU
		{9D5AF38A-C813-4126-BBFD-0EDE6D8E4EF6}.Debug|Any CPU.ActiveCfg = Debug|Any CPU
		{9D5AF38A-C813-4126-BBFD-0EDE6D8E4EF6}.Debug|Any CPU.Build.0 = Debug|Any CPU
		{9D5AF38A-C813-4126-BBFD-0EDE6D8E4EF6}.Release|Any CPU.ActiveCfg = Release|Any CPU
		{9D5AF38A-C813-4126-BBFD-0EDE6D8E4EF6}.Release|Any CPU.Build.0 = Release|Any CPU
		{EEDE4383-C075-4B9D-A8D8-5E06D52D3A6D}.Debug|Any CPU.ActiveCfg = Debug|Any CPU
		{EEDE4383-C075-4B9D-A8D8-5E06D52D3A6D}.Debug|Any CPU.Build.0 = Debug|Any CPU
		{EEDE4383-C075-4B9D-A8D8-5E06D52D3A6D}.Release|Any CPU.ActiveCfg = Release|Any CPU
		{EEDE4383-C075-4B9D-A8D8-5E06D52D3A6D}.Release|Any CPU.Build.0 = Release|Any CPU
	EndGlobalSection
	GlobalSection(SolutionProperties) = preSolution
		HideSolutionNode = FALSE
	EndGlobalSection
	GlobalSection(NestedProjects) = preSolution
		{F08A3CE6-CBDD-4ED1-9A51-F7D68E13EA96} = {60B396C4-AA46-4711-BDA2-756E02ED0A46}
		{85B5EBC8-8BFF-4AC3-9807-F7C0A7F076EF} = {60B396C4-AA46-4711-BDA2-756E02ED0A46}
		{DD511FB6-7D4D-44C8-AA79-ED422F6A5E69} = {60B396C4-AA46-4711-BDA2-756E02ED0A46}
		{9754B329-2A56-4808-92AD-1C01E534515A} = {60B396C4-AA46-4711-BDA2-756E02ED0A46}
		{213A3052-223A-4884-A521-84E3DF067944} = {60B396C4-AA46-4711-BDA2-756E02ED0A46}
		{BF461778-854B-419C-83B7-3801B8A196C4} = {213A3052-223A-4884-A521-84E3DF067944}
		{E7E3CBCE-71DE-4C6C-8062-CE25911D3F6B} = {213A3052-223A-4884-A521-84E3DF067944}
		{54EF67BC-C0A3-4A28-882F-B84291284D52} = {F08A3CE6-CBDD-4ED1-9A51-F7D68E13EA96}
		{9D5AF38A-C813-4126-BBFD-0EDE6D8E4EF6} = {85B5EBC8-8BFF-4AC3-9807-F7C0A7F076EF}
		{EEDE4383-C075-4B9D-A8D8-5E06D52D3A6D} = {BF461778-854B-419C-83B7-3801B8A196C4}
	EndGlobalSection
	GlobalSection(ExtensibilityGlobals) = postSolution
		SolutionGuid = {3FD178EB-B4CE-4FCD-8523-E347F58BB4AA}
	EndGlobalSection
EndGlobal
